// !$*UTF8*$!
{
	archiveVersion = 1;
	classes = {
	};
	objectVersion = 46;
	objects = {

/* Begin PBXBuildFile section */
		0E4AA6221B5F5CA900447E33 /* QuestionsViewController.m in Sources */ = {isa = PBXBuildFile; fileRef = 0E4AA61E1B5F5CA900447E33 /* QuestionsViewController.m */; };
		0E4AA6231B5F5CA900447E33 /* HomeViewController.m in Sources */ = {isa = PBXBuildFile; fileRef = 0E4AA6211B5F5CA900447E33 /* HomeViewController.m */; };
		0E4AA62B1B5F614B00447E33 /* MBProgressHUD.m in Sources */ = {isa = PBXBuildFile; fileRef = 0E4AA6291B5F614B00447E33 /* MBProgressHUD.m */; };
		0E4AA62E1B5F9D0100447E33 /* backArrow.png in Resources */ = {isa = PBXBuildFile; fileRef = 0E4AA62C1B5F9D0100447E33 /* backArrow.png */; };
		0E4AA62F1B5F9D0100447E33 /* nextArrow.png in Resources */ = {isa = PBXBuildFile; fileRef = 0E4AA62D1B5F9D0100447E33 /* nextArrow.png */; };
		0E4AA6331B5FA82300447E33 /* Data.m in Sources */ = {isa = PBXBuildFile; fileRef = 0E4AA6321B5FA82300447E33 /* Data.m */; };
		0E6156481B663BB10013292B /* MultipleAnsChoiceView.m in Sources */ = {isa = PBXBuildFile; fileRef = 0E6156471B663BB10013292B /* MultipleAnsChoiceView.m */; };
		0E638C5C1B4C03B900A9D484 /* main.m in Sources */ = {isa = PBXBuildFile; fileRef = 0E638C5B1B4C03B900A9D484 /* main.m */; };
		0E638C5F1B4C03B900A9D484 /* AppDelegate.m in Sources */ = {isa = PBXBuildFile; fileRef = 0E638C5E1B4C03B900A9D484 /* AppDelegate.m */; };
		0E638C651B4C03B900A9D484 /* Main.storyboard in Resources */ = {isa = PBXBuildFile; fileRef = 0E638C631B4C03B900A9D484 /* Main.storyboard */; };
		0E638C671B4C03BA00A9D484 /* Images.xcassets in Resources */ = {isa = PBXBuildFile; fileRef = 0E638C661B4C03BA00A9D484 /* Images.xcassets */; };
		0E638C6A1B4C03BA00A9D484 /* LaunchScreen.xib in Resources */ = {isa = PBXBuildFile; fileRef = 0E638C681B4C03BA00A9D484 /* LaunchScreen.xib */; };
		0E81E3801B5E200B00F0C80F /* splash_say-it.png in Resources */ = {isa = PBXBuildFile; fileRef = 0E81E37F1B5E200B00F0C80F /* splash_say-it.png */; };
		0E81E3881B5E24FE00F0C80F /* Reachability.m in Sources */ = {isa = PBXBuildFile; fileRef = 0E81E3841B5E24FE00F0C80F /* Reachability.m */; };
		0E81E3891B5E24FE00F0C80F /* WebService.m in Sources */ = {isa = PBXBuildFile; fileRef = 0E81E3871B5E24FE00F0C80F /* WebService.m */; };
		0E81F2C11B60FE490071F20F /* SingleInputLineView.m in Sources */ = {isa = PBXBuildFile; fileRef = 0E81F2BF1B60FE490071F20F /* SingleInputLineView.m */; };
		0E81F2C21B60FE490071F20F /* SingleInputLineView.xib in Resources */ = {isa = PBXBuildFile; fileRef = 0E81F2C01B60FE490071F20F /* SingleInputLineView.xib */; };
		0E81F2C71B61086A0071F20F /* SliderView.m in Sources */ = {isa = PBXBuildFile; fileRef = 0E81F2C51B61086A0071F20F /* SliderView.m */; };
		0E81F2C81B61086A0071F20F /* SliderView.xib in Resources */ = {isa = PBXBuildFile; fileRef = 0E81F2C61B61086A0071F20F /* SliderView.xib */; };
		0E81F2CD1B610D040071F20F /* RespondentFormView.m in Sources */ = {isa = PBXBuildFile; fileRef = 0E81F2CB1B610D040071F20F /* RespondentFormView.m */; };
		0E81F2CE1B610D040071F20F /* RespondentFormView.xib in Resources */ = {isa = PBXBuildFile; fileRef = 0E81F2CC1B610D040071F20F /* RespondentFormView.xib */; };
		0E81F2D31B6116C20071F20F /* SubTitleView.m in Sources */ = {isa = PBXBuildFile; fileRef = 0E81F2D11B6116C20071F20F /* SubTitleView.m */; };
		0E81F2D41B6116C20071F20F /* SubTitleView.xib in Resources */ = {isa = PBXBuildFile; fileRef = 0E81F2D21B6116C20071F20F /* SubTitleView.xib */; };
		0E81F2D91B6118B30071F20F /* TextsView.m in Sources */ = {isa = PBXBuildFile; fileRef = 0E81F2D71B6118B30071F20F /* TextsView.m */; };
		0E81F2DA1B6118B30071F20F /* TextsView.xib in Resources */ = {isa = PBXBuildFile; fileRef = 0E81F2D81B6118B30071F20F /* TextsView.xib */; };
		0E81F2EB1B611BA40071F20F /* MultipleInputLinesView.m in Sources */ = {isa = PBXBuildFile; fileRef = 0E81F2E91B611BA40071F20F /* MultipleInputLinesView.m */; };
		0E81F2EC1B611BA40071F20F /* MultipleInputLinesView.xib in Resources */ = {isa = PBXBuildFile; fileRef = 0E81F2EA1B611BA40071F20F /* MultipleInputLinesView.xib */; };
		0E81F2F21B611CBF0071F20F /* MultipleAnsChoiceView.xib in Resources */ = {isa = PBXBuildFile; fileRef = 0E81F2F01B611CBF0071F20F /* MultipleAnsChoiceView.xib */; };
		0E81F2F71B611FBC0071F20F /* MultipleSingleImportRulesView.m in Sources */ = {isa = PBXBuildFile; fileRef = 0E81F2F51B611FBC0071F20F /* MultipleSingleImportRulesView.m */; };
		0E81F2F81B611FBC0071F20F /* MultipleSingleImportRulesView.xib in Resources */ = {isa = PBXBuildFile; fileRef = 0E81F2F61B611FBC0071F20F /* MultipleSingleImportRulesView.xib */; };
		0E98919C1B6F819C00D894C4 /* NYPopover.m in Sources */ = {isa = PBXBuildFile; fileRef = 0E9891991B6F819C00D894C4 /* NYPopover.m */; };
		0E98919D1B6F819C00D894C4 /* NYSliderPopover.m in Sources */ = {isa = PBXBuildFile; fileRef = 0E98919B1B6F819C00D894C4 /* NYSliderPopover.m */; };
		0E9CB7911B620C1400A724E4 /* radio0.png in Resources */ = {isa = PBXBuildFile; fileRef = 0E9CB78F1B620C1400A724E4 /* radio0.png */; };
		0E9CB7921B620C1400A724E4 /* radio1.png in Resources */ = {isa = PBXBuildFile; fileRef = 0E9CB7901B620C1400A724E4 /* radio1.png */; };
		0E9CB7941B62157100A724E4 /* checkbox1@2x.png in Resources */ = {isa = PBXBuildFile; fileRef = 0E9CB7931B62157100A724E4 /* checkbox1@2x.png */; };
		0E9CB7991B62558700A724E4 /* EndRestartView.m in Sources */ = {isa = PBXBuildFile; fileRef = 0E9CB7971B62558700A724E4 /* EndRestartView.m */; };
		0E9CB79A1B62558700A724E4 /* EndRestartView.xib in Resources */ = {isa = PBXBuildFile; fileRef = 0E9CB7981B62558700A724E4 /* EndRestartView.xib */; };
		0E9CB79E1B62605500A724E4 /* MCPercentageDoughnutView.m in Sources */ = {isa = PBXBuildFile; fileRef = 0E9CB79D1B62605500A724E4 /* MCPercentageDoughnutView.m */; };
		0E9CB7A91B6261C800A724E4 /* MCNewCustomLayer.m in Sources */ = {isa = PBXBuildFile; fileRef = 0E9CB7A11B6261C800A724E4 /* MCNewCustomLayer.m */; };
		0E9CB7AA1B6261C800A724E4 /* MCNewCustomLayeredView.m in Sources */ = {isa = PBXBuildFile; fileRef = 0E9CB7A31B6261C800A724E4 /* MCNewCustomLayeredView.m */; };
		0E9CB7AB1B6261C800A724E4 /* MCSliceLayer.m in Sources */ = {isa = PBXBuildFile; fileRef = 0E9CB7A61B6261C800A724E4 /* MCSliceLayer.m */; };
		0E9CB7AC1B6261C800A724E4 /* MCUtil.m in Sources */ = {isa = PBXBuildFile; fileRef = 0E9CB7A81B6261C800A724E4 /* MCUtil.m */; };
		0E9CBBD61B6B537100896402 /* OpenSans-Light.ttf in Resources */ = {isa = PBXBuildFile; fileRef = 0E9CBBD51B6B537100896402 /* OpenSans-Light.ttf */; };
		0E9CBBD91B6B569E00896402 /* FBLabel.m in Sources */ = {isa = PBXBuildFile; fileRef = 0E9CBBD81B6B569E00896402 /* FBLabel.m */; };
		0EE920311B6A264100E4ECE9 /* AsyncImageView.m in Sources */ = {isa = PBXBuildFile; fileRef = 0EE920301B6A264100E4ECE9 /* AsyncImageView.m */; };
		FF91268D1B61539F00BE5101 /* MKAnnotationView+WebCache.m in Sources */ = {isa = PBXBuildFile; fileRef = FF91266D1B61539F00BE5101 /* MKAnnotationView+WebCache.m */; };
		FF91268E1B61539F00BE5101 /* NSData+ImageContentType.m in Sources */ = {isa = PBXBuildFile; fileRef = FF91266F1B61539F00BE5101 /* NSData+ImageContentType.m */; };
		FF91268F1B61539F00BE5101 /* SDImageCache.m in Sources */ = {isa = PBXBuildFile; fileRef = FF9126711B61539F00BE5101 /* SDImageCache.m */; };
		FF9126901B61539F00BE5101 /* SDWebImageCompat.m in Sources */ = {isa = PBXBuildFile; fileRef = FF9126731B61539F00BE5101 /* SDWebImageCompat.m */; };
		FF9126911B61539F00BE5101 /* SDWebImageDecoder.m in Sources */ = {isa = PBXBuildFile; fileRef = FF9126751B61539F00BE5101 /* SDWebImageDecoder.m */; };
		FF9126921B61539F00BE5101 /* SDWebImageDownloader.m in Sources */ = {isa = PBXBuildFile; fileRef = FF9126771B61539F00BE5101 /* SDWebImageDownloader.m */; };
		FF9126931B61539F00BE5101 /* SDWebImageDownloaderOperation.m in Sources */ = {isa = PBXBuildFile; fileRef = FF9126791B61539F00BE5101 /* SDWebImageDownloaderOperation.m */; };
		FF9126941B61539F00BE5101 /* SDWebImageManager.m in Sources */ = {isa = PBXBuildFile; fileRef = FF91267B1B61539F00BE5101 /* SDWebImageManager.m */; };
		FF9126951B61539F00BE5101 /* SDWebImagePrefetcher.m in Sources */ = {isa = PBXBuildFile; fileRef = FF91267E1B61539F00BE5101 /* SDWebImagePrefetcher.m */; };
		FF9126961B61539F00BE5101 /* UIButton+WebCache.m in Sources */ = {isa = PBXBuildFile; fileRef = FF9126801B61539F00BE5101 /* UIButton+WebCache.m */; };
		FF9126971B61539F00BE5101 /* UIImage+GIF.m in Sources */ = {isa = PBXBuildFile; fileRef = FF9126821B61539F00BE5101 /* UIImage+GIF.m */; };
		FF9126981B61539F00BE5101 /* UIImage+MultiFormat.m in Sources */ = {isa = PBXBuildFile; fileRef = FF9126841B61539F00BE5101 /* UIImage+MultiFormat.m */; };
		FF9126991B61539F00BE5101 /* UIImage+WebP.m in Sources */ = {isa = PBXBuildFile; fileRef = FF9126861B61539F00BE5101 /* UIImage+WebP.m */; };
		FF91269A1B61539F00BE5101 /* UIImageView+HighlightedWebCache.m in Sources */ = {isa = PBXBuildFile; fileRef = FF9126881B61539F00BE5101 /* UIImageView+HighlightedWebCache.m */; };
		FF91269B1B61539F00BE5101 /* UIImageView+WebCache.m in Sources */ = {isa = PBXBuildFile; fileRef = FF91268A1B61539F00BE5101 /* UIImageView+WebCache.m */; };
		FF91269C1B61539F00BE5101 /* UIView+WebCacheOperation.m in Sources */ = {isa = PBXBuildFile; fileRef = FF91268C1B61539F00BE5101 /* UIView+WebCacheOperation.m */; };
		FF91269F1B6155DF00BE5101 /* checkbox0@2x.png in Resources */ = {isa = PBXBuildFile; fileRef = FF91269D1B6155DF00BE5101 /* checkbox0@2x.png */; };
/* End PBXBuildFile section */

/* Begin PBXFileReference section */
		0E4AA61D1B5F5CA900447E33 /* QuestionsViewController.h */ = {isa = PBXFileReference; fileEncoding = 4; lastKnownFileType = sourcecode.c.h; path = QuestionsViewController.h; sourceTree = "<group>"; };
		0E4AA61E1B5F5CA900447E33 /* QuestionsViewController.m */ = {isa = PBXFileReference; fileEncoding = 4; lastKnownFileType = sourcecode.c.objc; path = QuestionsViewController.m; sourceTree = "<group>"; };
		0E4AA6201B5F5CA900447E33 /* HomeViewController.h */ = {isa = PBXFileReference; fileEncoding = 4; lastKnownFileType = sourcecode.c.h; path = HomeViewController.h; sourceTree = "<group>"; };
		0E4AA6211B5F5CA900447E33 /* HomeViewController.m */ = {isa = PBXFileReference; fileEncoding = 4; lastKnownFileType = sourcecode.c.objc; path = HomeViewController.m; sourceTree = "<group>"; };
		0E4AA6281B5F614B00447E33 /* MBProgressHUD.h */ = {isa = PBXFileReference; fileEncoding = 4; lastKnownFileType = sourcecode.c.h; path = MBProgressHUD.h; sourceTree = "<group>"; };
		0E4AA6291B5F614B00447E33 /* MBProgressHUD.m */ = {isa = PBXFileReference; fileEncoding = 4; lastKnownFileType = sourcecode.c.objc; path = MBProgressHUD.m; sourceTree = "<group>"; };
		0E4AA62C1B5F9D0100447E33 /* backArrow.png */ = {isa = PBXFileReference; lastKnownFileType = image.png; path = backArrow.png; sourceTree = "<group>"; };
		0E4AA62D1B5F9D0100447E33 /* nextArrow.png */ = {isa = PBXFileReference; lastKnownFileType = image.png; path = nextArrow.png; sourceTree = "<group>"; };
		0E4AA6311B5FA82300447E33 /* Data.h */ = {isa = PBXFileReference; fileEncoding = 4; lastKnownFileType = sourcecode.c.h; path = Data.h; sourceTree = "<group>"; };
		0E4AA6321B5FA82300447E33 /* Data.m */ = {isa = PBXFileReference; fileEncoding = 4; lastKnownFileType = sourcecode.c.objc; path = Data.m; sourceTree = "<group>"; };
		0E6156471B663BB10013292B /* MultipleAnsChoiceView.m */ = {isa = PBXFileReference; fileEncoding = 4; lastKnownFileType = sourcecode.c.objc; path = MultipleAnsChoiceView.m; sourceTree = "<group>"; };
		0E638C561B4C03B900A9D484 /* SayIT.app */ = {isa = PBXFileReference; explicitFileType = wrapper.application; includeInIndex = 0; path = SayIT.app; sourceTree = BUILT_PRODUCTS_DIR; };
		0E638C5A1B4C03B900A9D484 /* Info.plist */ = {isa = PBXFileReference; lastKnownFileType = text.plist.xml; path = Info.plist; sourceTree = "<group>"; };
		0E638C5B1B4C03B900A9D484 /* main.m */ = {isa = PBXFileReference; lastKnownFileType = sourcecode.c.objc; path = main.m; sourceTree = "<group>"; };
		0E638C5D1B4C03B900A9D484 /* AppDelegate.h */ = {isa = PBXFileReference; lastKnownFileType = sourcecode.c.h; path = AppDelegate.h; sourceTree = "<group>"; };
		0E638C5E1B4C03B900A9D484 /* AppDelegate.m */ = {isa = PBXFileReference; lastKnownFileType = sourcecode.c.objc; path = AppDelegate.m; sourceTree = "<group>"; };
		0E638C641B4C03B900A9D484 /* Base */ = {isa = PBXFileReference; lastKnownFileType = file.storyboard; name = Base; path = Base.lproj/Main.storyboard; sourceTree = "<group>"; };
		0E638C661B4C03BA00A9D484 /* Images.xcassets */ = {isa = PBXFileReference; lastKnownFileType = folder.assetcatalog; path = Images.xcassets; sourceTree = "<group>"; };
		0E638C691B4C03BA00A9D484 /* Base */ = {isa = PBXFileReference; lastKnownFileType = file.xib; name = Base; path = Base.lproj/LaunchScreen.xib; sourceTree = "<group>"; };
		0E638C741B4C03BA00A9D484 /* Info.plist */ = {isa = PBXFileReference; lastKnownFileType = text.plist.xml; path = Info.plist; sourceTree = "<group>"; };
		0E638C751B4C03BA00A9D484 /* SayITTests.m */ = {isa = PBXFileReference; lastKnownFileType = sourcecode.c.objc; path = SayITTests.m; sourceTree = "<group>"; };
		0E638C7F1B4C044700A9D484 /* PrefixHeader.pch */ = {isa = PBXFileReference; lastKnownFileType = sourcecode.c.h; path = PrefixHeader.pch; sourceTree = "<group>"; };
		0E81E37F1B5E200B00F0C80F /* splash_say-it.png */ = {isa = PBXFileReference; lastKnownFileType = image.png; path = "splash_say-it.png"; sourceTree = "<group>"; };
		0E81E3831B5E24FE00F0C80F /* Reachability.h */ = {isa = PBXFileReference; fileEncoding = 4; lastKnownFileType = sourcecode.c.h; path = Reachability.h; sourceTree = "<group>"; };
		0E81E3841B5E24FE00F0C80F /* Reachability.m */ = {isa = PBXFileReference; fileEncoding = 4; lastKnownFileType = sourcecode.c.objc; path = Reachability.m; sourceTree = "<group>"; };
		0E81E3861B5E24FE00F0C80F /* WebService.h */ = {isa = PBXFileReference; fileEncoding = 4; lastKnownFileType = sourcecode.c.h; path = WebService.h; sourceTree = "<group>"; };
		0E81E3871B5E24FE00F0C80F /* WebService.m */ = {isa = PBXFileReference; fileEncoding = 4; lastKnownFileType = sourcecode.c.objc; path = WebService.m; sourceTree = "<group>"; };
		0E81F2BE1B60FE490071F20F /* SingleInputLineView.h */ = {isa = PBXFileReference; fileEncoding = 4; lastKnownFileType = sourcecode.c.h; path = SingleInputLineView.h; sourceTree = "<group>"; };
		0E81F2BF1B60FE490071F20F /* SingleInputLineView.m */ = {isa = PBXFileReference; fileEncoding = 4; lastKnownFileType = sourcecode.c.objc; path = SingleInputLineView.m; sourceTree = "<group>"; };
		0E81F2C01B60FE490071F20F /* SingleInputLineView.xib */ = {isa = PBXFileReference; fileEncoding = 4; lastKnownFileType = file.xib; path = SingleInputLineView.xib; sourceTree = "<group>"; };
		0E81F2C41B61086A0071F20F /* SliderView.h */ = {isa = PBXFileReference; fileEncoding = 4; lastKnownFileType = sourcecode.c.h; path = SliderView.h; sourceTree = "<group>"; };
		0E81F2C51B61086A0071F20F /* SliderView.m */ = {isa = PBXFileReference; fileEncoding = 4; lastKnownFileType = sourcecode.c.objc; path = SliderView.m; sourceTree = "<group>"; };
		0E81F2C61B61086A0071F20F /* SliderView.xib */ = {isa = PBXFileReference; fileEncoding = 4; lastKnownFileType = file.xib; path = SliderView.xib; sourceTree = "<group>"; };
		0E81F2CA1B610D040071F20F /* RespondentFormView.h */ = {isa = PBXFileReference; fileEncoding = 4; lastKnownFileType = sourcecode.c.h; path = RespondentFormView.h; sourceTree = "<group>"; };
		0E81F2CB1B610D040071F20F /* RespondentFormView.m */ = {isa = PBXFileReference; fileEncoding = 4; lastKnownFileType = sourcecode.c.objc; path = RespondentFormView.m; sourceTree = "<group>"; };
		0E81F2CC1B610D040071F20F /* RespondentFormView.xib */ = {isa = PBXFileReference; fileEncoding = 4; lastKnownFileType = file.xib; path = RespondentFormView.xib; sourceTree = "<group>"; };
		0E81F2D01B6116C20071F20F /* SubTitleView.h */ = {isa = PBXFileReference; fileEncoding = 4; lastKnownFileType = sourcecode.c.h; path = SubTitleView.h; sourceTree = "<group>"; };
		0E81F2D11B6116C20071F20F /* SubTitleView.m */ = {isa = PBXFileReference; fileEncoding = 4; lastKnownFileType = sourcecode.c.objc; path = SubTitleView.m; sourceTree = "<group>"; };
		0E81F2D21B6116C20071F20F /* SubTitleView.xib */ = {isa = PBXFileReference; fileEncoding = 4; lastKnownFileType = file.xib; path = SubTitleView.xib; sourceTree = "<group>"; };
		0E81F2D61B6118B30071F20F /* TextsView.h */ = {isa = PBXFileReference; fileEncoding = 4; lastKnownFileType = sourcecode.c.h; path = TextsView.h; sourceTree = "<group>"; };
		0E81F2D71B6118B30071F20F /* TextsView.m */ = {isa = PBXFileReference; fileEncoding = 4; lastKnownFileType = sourcecode.c.objc; path = TextsView.m; sourceTree = "<group>"; };
		0E81F2D81B6118B30071F20F /* TextsView.xib */ = {isa = PBXFileReference; fileEncoding = 4; lastKnownFileType = file.xib; path = TextsView.xib; sourceTree = "<group>"; };
		0E81F2E81B611BA40071F20F /* MultipleInputLinesView.h */ = {isa = PBXFileReference; fileEncoding = 4; lastKnownFileType = sourcecode.c.h; path = MultipleInputLinesView.h; sourceTree = "<group>"; };
		0E81F2E91B611BA40071F20F /* MultipleInputLinesView.m */ = {isa = PBXFileReference; fileEncoding = 4; lastKnownFileType = sourcecode.c.objc; path = MultipleInputLinesView.m; sourceTree = "<group>"; };
		0E81F2EA1B611BA40071F20F /* MultipleInputLinesView.xib */ = {isa = PBXFileReference; fileEncoding = 4; lastKnownFileType = file.xib; path = MultipleInputLinesView.xib; sourceTree = "<group>"; };
		0E81F2EE1B611CBF0071F20F /* MultipleAnsChoiceView.h */ = {isa = PBXFileReference; fileEncoding = 4; lastKnownFileType = sourcecode.c.h; path = MultipleAnsChoiceView.h; sourceTree = "<group>"; };
		0E81F2F01B611CBF0071F20F /* MultipleAnsChoiceView.xib */ = {isa = PBXFileReference; fileEncoding = 4; lastKnownFileType = file.xib; path = MultipleAnsChoiceView.xib; sourceTree = "<group>"; };
		0E81F2F41B611FBC0071F20F /* MultipleSingleImportRulesView.h */ = {isa = PBXFileReference; fileEncoding = 4; lastKnownFileType = sourcecode.c.h; path = MultipleSingleImportRulesView.h; sourceTree = "<group>"; };
		0E81F2F51B611FBC0071F20F /* MultipleSingleImportRulesView.m */ = {isa = PBXFileReference; fileEncoding = 4; lastKnownFileType = sourcecode.c.objc; path = MultipleSingleImportRulesView.m; sourceTree = "<group>"; };
		0E81F2F61B611FBC0071F20F /* MultipleSingleImportRulesView.xib */ = {isa = PBXFileReference; fileEncoding = 4; lastKnownFileType = file.xib; path = MultipleSingleImportRulesView.xib; sourceTree = "<group>"; };
		0E9891981B6F819C00D894C4 /* NYPopover.h */ = {isa = PBXFileReference; fileEncoding = 4; lastKnownFileType = sourcecode.c.h; path = NYPopover.h; sourceTree = "<group>"; };
		0E9891991B6F819C00D894C4 /* NYPopover.m */ = {isa = PBXFileReference; fileEncoding = 4; lastKnownFileType = sourcecode.c.objc; path = NYPopover.m; sourceTree = "<group>"; };
		0E98919A1B6F819C00D894C4 /* NYSliderPopover.h */ = {isa = PBXFileReference; fileEncoding = 4; lastKnownFileType = sourcecode.c.h; path = NYSliderPopover.h; sourceTree = "<group>"; };
		0E98919B1B6F819C00D894C4 /* NYSliderPopover.m */ = {isa = PBXFileReference; fileEncoding = 4; lastKnownFileType = sourcecode.c.objc; path = NYSliderPopover.m; sourceTree = "<group>"; };
		0E9CB78F1B620C1400A724E4 /* radio0.png */ = {isa = PBXFileReference; lastKnownFileType = image.png; path = radio0.png; sourceTree = "<group>"; };
		0E9CB7901B620C1400A724E4 /* radio1.png */ = {isa = PBXFileReference; lastKnownFileType = image.png; path = radio1.png; sourceTree = "<group>"; };
		0E9CB7931B62157100A724E4 /* checkbox1@2x.png */ = {isa = PBXFileReference; lastKnownFileType = image.png; path = "checkbox1@2x.png"; sourceTree = "<group>"; };
		0E9CB7961B62558700A724E4 /* EndRestartView.h */ = {isa = PBXFileReference; fileEncoding = 4; lastKnownFileType = sourcecode.c.h; path = EndRestartView.h; sourceTree = "<group>"; };
		0E9CB7971B62558700A724E4 /* EndRestartView.m */ = {isa = PBXFileReference; fileEncoding = 4; lastKnownFileType = sourcecode.c.objc; path = EndRestartView.m; sourceTree = "<group>"; };
		0E9CB7981B62558700A724E4 /* EndRestartView.xib */ = {isa = PBXFileReference; fileEncoding = 4; lastKnownFileType = file.xib; path = EndRestartView.xib; sourceTree = "<group>"; };
		0E9CB79C1B62605500A724E4 /* MCPercentageDoughnutView.h */ = {isa = PBXFileReference; fileEncoding = 4; lastKnownFileType = sourcecode.c.h; path = MCPercentageDoughnutView.h; sourceTree = "<group>"; };
		0E9CB79D1B62605500A724E4 /* MCPercentageDoughnutView.m */ = {isa = PBXFileReference; fileEncoding = 4; lastKnownFileType = sourcecode.c.objc; path = MCPercentageDoughnutView.m; sourceTree = "<group>"; };
		0E9CB79F1B6261C800A724E4 /* MCCore.h */ = {isa = PBXFileReference; fileEncoding = 4; lastKnownFileType = sourcecode.c.h; path = MCCore.h; sourceTree = "<group>"; };
		0E9CB7A01B6261C800A724E4 /* MCNewCustomLayer.h */ = {isa = PBXFileReference; fileEncoding = 4; lastKnownFileType = sourcecode.c.h; path = MCNewCustomLayer.h; sourceTree = "<group>"; };
		0E9CB7A11B6261C800A724E4 /* MCNewCustomLayer.m */ = {isa = PBXFileReference; fileEncoding = 4; lastKnownFileType = sourcecode.c.objc; path = MCNewCustomLayer.m; sourceTree = "<group>"; };
		0E9CB7A21B6261C800A724E4 /* MCNewCustomLayeredView.h */ = {isa = PBXFileReference; fileEncoding = 4; lastKnownFileType = sourcecode.c.h; path = MCNewCustomLayeredView.h; sourceTree = "<group>"; };
		0E9CB7A31B6261C800A724E4 /* MCNewCustomLayeredView.m */ = {isa = PBXFileReference; fileEncoding = 4; lastKnownFileType = sourcecode.c.objc; path = MCNewCustomLayeredView.m; sourceTree = "<group>"; };
		0E9CB7A41B6261C800A724E4 /* MCNewCustomLayeredView+MCCustomLayeredViewSubclass.h */ = {isa = PBXFileReference; fileEncoding = 4; lastKnownFileType = sourcecode.c.h; path = "MCNewCustomLayeredView+MCCustomLayeredViewSubclass.h"; sourceTree = "<group>"; };
		0E9CB7A51B6261C800A724E4 /* MCSliceLayer.h */ = {isa = PBXFileReference; fileEncoding = 4; lastKnownFileType = sourcecode.c.h; path = MCSliceLayer.h; sourceTree = "<group>"; };
		0E9CB7A61B6261C800A724E4 /* MCSliceLayer.m */ = {isa = PBXFileReference; fileEncoding = 4; lastKnownFileType = sourcecode.c.objc; path = MCSliceLayer.m; sourceTree = "<group>"; };
		0E9CB7A71B6261C800A724E4 /* MCUtil.h */ = {isa = PBXFileReference; fileEncoding = 4; lastKnownFileType = sourcecode.c.h; path = MCUtil.h; sourceTree = "<group>"; };
		0E9CB7A81B6261C800A724E4 /* MCUtil.m */ = {isa = PBXFileReference; fileEncoding = 4; lastKnownFileType = sourcecode.c.objc; path = MCUtil.m; sourceTree = "<group>"; };
		0E9CBBD51B6B537100896402 /* OpenSans-Light.ttf */ = {isa = PBXFileReference; lastKnownFileType = file; path = "OpenSans-Light.ttf"; sourceTree = "<group>"; };
		0E9CBBD71B6B569E00896402 /* FBLabel.h */ = {isa = PBXFileReference; fileEncoding = 4; lastKnownFileType = sourcecode.c.h; path = FBLabel.h; sourceTree = "<group>"; };
		0E9CBBD81B6B569E00896402 /* FBLabel.m */ = {isa = PBXFileReference; fileEncoding = 4; lastKnownFileType = sourcecode.c.objc; path = FBLabel.m; sourceTree = "<group>"; };
		0EE9202F1B6A264100E4ECE9 /* AsyncImageView.h */ = {isa = PBXFileReference; fileEncoding = 4; lastKnownFileType = sourcecode.c.h; path = AsyncImageView.h; sourceTree = "<group>"; };
		0EE920301B6A264100E4ECE9 /* AsyncImageView.m */ = {isa = PBXFileReference; fileEncoding = 4; lastKnownFileType = sourcecode.c.objc; path = AsyncImageView.m; sourceTree = "<group>"; };
		FF91266C1B61539F00BE5101 /* MKAnnotationView+WebCache.h */ = {isa = PBXFileReference; fileEncoding = 4; lastKnownFileType = sourcecode.c.h; path = "MKAnnotationView+WebCache.h"; sourceTree = "<group>"; };
		FF91266D1B61539F00BE5101 /* MKAnnotationView+WebCache.m */ = {isa = PBXFileReference; fileEncoding = 4; lastKnownFileType = sourcecode.c.objc; path = "MKAnnotationView+WebCache.m"; sourceTree = "<group>"; };
		FF91266E1B61539F00BE5101 /* NSData+ImageContentType.h */ = {isa = PBXFileReference; fileEncoding = 4; lastKnownFileType = sourcecode.c.h; path = "NSData+ImageContentType.h"; sourceTree = "<group>"; };
		FF91266F1B61539F00BE5101 /* NSData+ImageContentType.m */ = {isa = PBXFileReference; fileEncoding = 4; lastKnownFileType = sourcecode.c.objc; path = "NSData+ImageContentType.m"; sourceTree = "<group>"; };
		FF9126701B61539F00BE5101 /* SDImageCache.h */ = {isa = PBXFileReference; fileEncoding = 4; lastKnownFileType = sourcecode.c.h; path = SDImageCache.h; sourceTree = "<group>"; };
		FF9126711B61539F00BE5101 /* SDImageCache.m */ = {isa = PBXFileReference; fileEncoding = 4; lastKnownFileType = sourcecode.c.objc; path = SDImageCache.m; sourceTree = "<group>"; };
		FF9126721B61539F00BE5101 /* SDWebImageCompat.h */ = {isa = PBXFileReference; fileEncoding = 4; lastKnownFileType = sourcecode.c.h; path = SDWebImageCompat.h; sourceTree = "<group>"; };
		FF9126731B61539F00BE5101 /* SDWebImageCompat.m */ = {isa = PBXFileReference; fileEncoding = 4; lastKnownFileType = sourcecode.c.objc; path = SDWebImageCompat.m; sourceTree = "<group>"; };
		FF9126741B61539F00BE5101 /* SDWebImageDecoder.h */ = {isa = PBXFileReference; fileEncoding = 4; lastKnownFileType = sourcecode.c.h; path = SDWebImageDecoder.h; sourceTree = "<group>"; };
		FF9126751B61539F00BE5101 /* SDWebImageDecoder.m */ = {isa = PBXFileReference; fileEncoding = 4; lastKnownFileType = sourcecode.c.objc; path = SDWebImageDecoder.m; sourceTree = "<group>"; };
		FF9126761B61539F00BE5101 /* SDWebImageDownloader.h */ = {isa = PBXFileReference; fileEncoding = 4; lastKnownFileType = sourcecode.c.h; path = SDWebImageDownloader.h; sourceTree = "<group>"; };
		FF9126771B61539F00BE5101 /* SDWebImageDownloader.m */ = {isa = PBXFileReference; fileEncoding = 4; lastKnownFileType = sourcecode.c.objc; path = SDWebImageDownloader.m; sourceTree = "<group>"; };
		FF9126781B61539F00BE5101 /* SDWebImageDownloaderOperation.h */ = {isa = PBXFileReference; fileEncoding = 4; lastKnownFileType = sourcecode.c.h; path = SDWebImageDownloaderOperation.h; sourceTree = "<group>"; };
		FF9126791B61539F00BE5101 /* SDWebImageDownloaderOperation.m */ = {isa = PBXFileReference; fileEncoding = 4; lastKnownFileType = sourcecode.c.objc; path = SDWebImageDownloaderOperation.m; sourceTree = "<group>"; };
		FF91267A1B61539F00BE5101 /* SDWebImageManager.h */ = {isa = PBXFileReference; fileEncoding = 4; lastKnownFileType = sourcecode.c.h; path = SDWebImageManager.h; sourceTree = "<group>"; };
		FF91267B1B61539F00BE5101 /* SDWebImageManager.m */ = {isa = PBXFileReference; fileEncoding = 4; lastKnownFileType = sourcecode.c.objc; path = SDWebImageManager.m; sourceTree = "<group>"; };
		FF91267C1B61539F00BE5101 /* SDWebImageOperation.h */ = {isa = PBXFileReference; fileEncoding = 4; lastKnownFileType = sourcecode.c.h; path = SDWebImageOperation.h; sourceTree = "<group>"; };
		FF91267D1B61539F00BE5101 /* SDWebImagePrefetcher.h */ = {isa = PBXFileReference; fileEncoding = 4; lastKnownFileType = sourcecode.c.h; path = SDWebImagePrefetcher.h; sourceTree = "<group>"; };
		FF91267E1B61539F00BE5101 /* SDWebImagePrefetcher.m */ = {isa = PBXFileReference; fileEncoding = 4; lastKnownFileType = sourcecode.c.objc; path = SDWebImagePrefetcher.m; sourceTree = "<group>"; };
		FF91267F1B61539F00BE5101 /* UIButton+WebCache.h */ = {isa = PBXFileReference; fileEncoding = 4; lastKnownFileType = sourcecode.c.h; path = "UIButton+WebCache.h"; sourceTree = "<group>"; };
		FF9126801B61539F00BE5101 /* UIButton+WebCache.m */ = {isa = PBXFileReference; fileEncoding = 4; lastKnownFileType = sourcecode.c.objc; path = "UIButton+WebCache.m"; sourceTree = "<group>"; };
		FF9126811B61539F00BE5101 /* UIImage+GIF.h */ = {isa = PBXFileReference; fileEncoding = 4; lastKnownFileType = sourcecode.c.h; path = "UIImage+GIF.h"; sourceTree = "<group>"; };
		FF9126821B61539F00BE5101 /* UIImage+GIF.m */ = {isa = PBXFileReference; fileEncoding = 4; lastKnownFileType = sourcecode.c.objc; path = "UIImage+GIF.m"; sourceTree = "<group>"; };
		FF9126831B61539F00BE5101 /* UIImage+MultiFormat.h */ = {isa = PBXFileReference; fileEncoding = 4; lastKnownFileType = sourcecode.c.h; path = "UIImage+MultiFormat.h"; sourceTree = "<group>"; };
		FF9126841B61539F00BE5101 /* UIImage+MultiFormat.m */ = {isa = PBXFileReference; fileEncoding = 4; lastKnownFileType = sourcecode.c.objc; path = "UIImage+MultiFormat.m"; sourceTree = "<group>"; };
		FF9126851B61539F00BE5101 /* UIImage+WebP.h */ = {isa = PBXFileReference; fileEncoding = 4; lastKnownFileType = sourcecode.c.h; path = "UIImage+WebP.h"; sourceTree = "<group>"; };
		FF9126861B61539F00BE5101 /* UIImage+WebP.m */ = {isa = PBXFileReference; fileEncoding = 4; lastKnownFileType = sourcecode.c.objc; path = "UIImage+WebP.m"; sourceTree = "<group>"; };
		FF9126871B61539F00BE5101 /* UIImageView+HighlightedWebCache.h */ = {isa = PBXFileReference; fileEncoding = 4; lastKnownFileType = sourcecode.c.h; path = "UIImageView+HighlightedWebCache.h"; sourceTree = "<group>"; };
		FF9126881B61539F00BE5101 /* UIImageView+HighlightedWebCache.m */ = {isa = PBXFileReference; fileEncoding = 4; lastKnownFileType = sourcecode.c.objc; path = "UIImageView+HighlightedWebCache.m"; sourceTree = "<group>"; };
		FF9126891B61539F00BE5101 /* UIImageView+WebCache.h */ = {isa = PBXFileReference; fileEncoding = 4; lastKnownFileType = sourcecode.c.h; path = "UIImageView+WebCache.h"; sourceTree = "<group>"; };
		FF91268A1B61539F00BE5101 /* UIImageView+WebCache.m */ = {isa = PBXFileReference; fileEncoding = 4; lastKnownFileType = sourcecode.c.objc; path = "UIImageView+WebCache.m"; sourceTree = "<group>"; };
		FF91268B1B61539F00BE5101 /* UIView+WebCacheOperation.h */ = {isa = PBXFileReference; fileEncoding = 4; lastKnownFileType = sourcecode.c.h; path = "UIView+WebCacheOperation.h"; sourceTree = "<group>"; };
		FF91268C1B61539F00BE5101 /* UIView+WebCacheOperation.m */ = {isa = PBXFileReference; fileEncoding = 4; lastKnownFileType = sourcecode.c.objc; path = "UIView+WebCacheOperation.m"; sourceTree = "<group>"; };
		FF91269D1B6155DF00BE5101 /* checkbox0@2x.png */ = {isa = PBXFileReference; lastKnownFileType = image.png; path = "checkbox0@2x.png"; sourceTree = "<group>"; };
/* End PBXFileReference section */

/* Begin PBXFrameworksBuildPhase section */
		0E638C531B4C03B900A9D484 /* Frameworks */ = {
			isa = PBXFrameworksBuildPhase;
			buildActionMask = 2147483647;
			files = (
			);
			runOnlyForDeploymentPostprocessing = 0;
		};
/* End PBXFrameworksBuildPhase section */

/* Begin PBXGroup section */
		0E4AA61B1B5F5CA900447E33 /* ViewControllers */ = {
			isa = PBXGroup;
			children = (
				0E4AA61F1B5F5CA900447E33 /* ViewController */,
			);
			path = ViewControllers;
			sourceTree = "<group>";
		};
		0E4AA61C1B5F5CA900447E33 /* QuestionsViewController */ = {
			isa = PBXGroup;
			children = (
				0E4AA61D1B5F5CA900447E33 /* QuestionsViewController.h */,
				0E4AA61E1B5F5CA900447E33 /* QuestionsViewController.m */,
				0E81F2BD1B60FE490071F20F /* SingleInputLineView */,
				0E81F2E71B611BA40071F20F /* MultipleInputLinesView */,
				0E81F2ED1B611CBF0071F20F /* MultipleAnsChoiceView */,
				0E81F2F31B611FBC0071F20F /* MultipleSingleImportRulesView */,
				0E81F2C31B61086A0071F20F /* SliderView */,
				0E81F2CF1B6116C20071F20F /* SubTitleView */,
				0E81F2D51B6118B30071F20F /* TextsView */,
				0E81F2C91B610D040071F20F /* RespondentForm */,
			);
			name = QuestionsViewController;
			path = ../QuestionsViewController;
			sourceTree = "<group>";
		};
		0E4AA61F1B5F5CA900447E33 /* ViewController */ = {
			isa = PBXGroup;
			children = (
				0E4AA6201B5F5CA900447E33 /* HomeViewController.h */,
				0E4AA6211B5F5CA900447E33 /* HomeViewController.m */,
				0E4AA61C1B5F5CA900447E33 /* QuestionsViewController */,
				0E9CB7951B62558700A724E4 /* EndRestartView */,
			);
			path = ViewController;
			sourceTree = "<group>";
		};
		0E4AA6271B5F614B00447E33 /* MBProgressHUD */ = {
			isa = PBXGroup;
			children = (
				0E4AA6281B5F614B00447E33 /* MBProgressHUD.h */,
				0E4AA6291B5F614B00447E33 /* MBProgressHUD.m */,
			);
			path = MBProgressHUD;
			sourceTree = "<group>";
		};
		0E4AA6301B5FA29B00447E33 /* model */ = {
			isa = PBXGroup;
			children = (
				0E9CBBD71B6B569E00896402 /* FBLabel.h */,
				0E9CBBD81B6B569E00896402 /* FBLabel.m */,
				0E4AA6311B5FA82300447E33 /* Data.h */,
				0E4AA6321B5FA82300447E33 /* Data.m */,
			);
			path = model;
			sourceTree = "<group>";
		};
		0E638C4D1B4C03B900A9D484 = {
			isa = PBXGroup;
			children = (
				0E638C581B4C03B900A9D484 /* SayIT */,
				0E638C721B4C03BA00A9D484 /* SayITTests */,
				0E638C571B4C03B900A9D484 /* Products */,
			);
			sourceTree = "<group>";
		};
		0E638C571B4C03B900A9D484 /* Products */ = {
			isa = PBXGroup;
			children = (
				0E638C561B4C03B900A9D484 /* SayIT.app */,
			);
			name = Products;
			sourceTree = "<group>";
		};
		0E638C581B4C03B900A9D484 /* SayIT */ = {
			isa = PBXGroup;
			children = (
				0E638C5D1B4C03B900A9D484 /* AppDelegate.h */,
				0E638C5E1B4C03B900A9D484 /* AppDelegate.m */,
				0E4AA6301B5FA29B00447E33 /* model */,
				0E4AA61B1B5F5CA900447E33 /* ViewControllers */,
				0E638C631B4C03B900A9D484 /* Main.storyboard */,
				0E638C661B4C03BA00A9D484 /* Images.xcassets */,
				0E638C681B4C03BA00A9D484 /* LaunchScreen.xib */,
				0E81E3811B5E24FE00F0C80F /* ThirdParty */,
				0E81E37E1B5E200B00F0C80F /* Images */,
				0E638C591B4C03B900A9D484 /* Supporting Files */,
			);
			path = SayIT;
			sourceTree = "<group>";
		};
		0E638C591B4C03B900A9D484 /* Supporting Files */ = {
			isa = PBXGroup;
			children = (
				0E9CBBD51B6B537100896402 /* OpenSans-Light.ttf */,
				0E638C7F1B4C044700A9D484 /* PrefixHeader.pch */,
				0E638C5A1B4C03B900A9D484 /* Info.plist */,
				0E638C5B1B4C03B900A9D484 /* main.m */,
			);
			name = "Supporting Files";
			sourceTree = "<group>";
		};
		0E638C721B4C03BA00A9D484 /* SayITTests */ = {
			isa = PBXGroup;
			children = (
				0E638C751B4C03BA00A9D484 /* SayITTests.m */,
				0E638C731B4C03BA00A9D484 /* Supporting Files */,
			);
			path = SayITTests;
			sourceTree = "<group>";
		};
		0E638C731B4C03BA00A9D484 /* Supporting Files */ = {
			isa = PBXGroup;
			children = (
				0E638C741B4C03BA00A9D484 /* Info.plist */,
			);
			name = "Supporting Files";
			sourceTree = "<group>";
		};
		0E81E37E1B5E200B00F0C80F /* Images */ = {
			isa = PBXGroup;
			children = (
				0E9CB78F1B620C1400A724E4 /* radio0.png */,
				0E9CB7901B620C1400A724E4 /* radio1.png */,
				0E4AA62C1B5F9D0100447E33 /* backArrow.png */,
				0E4AA62D1B5F9D0100447E33 /* nextArrow.png */,
				0E81E37F1B5E200B00F0C80F /* splash_say-it.png */,
			);
			path = Images;
			sourceTree = "<group>";
		};
		0E81E3811B5E24FE00F0C80F /* ThirdParty */ = {
			isa = PBXGroup;
			children = (
				0E9891971B6F819C00D894C4 /* NYSliderPopover */,
				0EE9202E1B6A264100E4ECE9 /* AsyncImageView */,
				0E9CB79B1B62605500A724E4 /* MCPercentageDoughnutView */,
				FF91266B1B61539F00BE5101 /* SDWebImage */,
				0E4AA6271B5F614B00447E33 /* MBProgressHUD */,
				0E81E3821B5E24FE00F0C80F /* Reachability */,
				0E81E3851B5E24FE00F0C80F /* WebService */,
			);
			path = ThirdParty;
			sourceTree = "<group>";
		};
		0E81E3821B5E24FE00F0C80F /* Reachability */ = {
			isa = PBXGroup;
			children = (
				0E81E3831B5E24FE00F0C80F /* Reachability.h */,
				0E81E3841B5E24FE00F0C80F /* Reachability.m */,
			);
			path = Reachability;
			sourceTree = "<group>";
		};
		0E81E3851B5E24FE00F0C80F /* WebService */ = {
			isa = PBXGroup;
			children = (
				0E81E3861B5E24FE00F0C80F /* WebService.h */,
				0E81E3871B5E24FE00F0C80F /* WebService.m */,
			);
			path = WebService;
			sourceTree = "<group>";
		};
		0E81F2BD1B60FE490071F20F /* SingleInputLineView */ = {
			isa = PBXGroup;
			children = (
				0E81F2BE1B60FE490071F20F /* SingleInputLineView.h */,
				0E81F2BF1B60FE490071F20F /* SingleInputLineView.m */,
				0E81F2C01B60FE490071F20F /* SingleInputLineView.xib */,
			);
			path = SingleInputLineView;
			sourceTree = "<group>";
		};
		0E81F2C31B61086A0071F20F /* SliderView */ = {
			isa = PBXGroup;
			children = (
				0E81F2C41B61086A0071F20F /* SliderView.h */,
				0E81F2C51B61086A0071F20F /* SliderView.m */,
				0E81F2C61B61086A0071F20F /* SliderView.xib */,
			);
			path = SliderView;
			sourceTree = "<group>";
		};
		0E81F2C91B610D040071F20F /* RespondentForm */ = {
			isa = PBXGroup;
			children = (
				0E81F2CA1B610D040071F20F /* RespondentFormView.h */,
				0E81F2CB1B610D040071F20F /* RespondentFormView.m */,
				0E81F2CC1B610D040071F20F /* RespondentFormView.xib */,
			);
			path = RespondentForm;
			sourceTree = "<group>";
		};
		0E81F2CF1B6116C20071F20F /* SubTitleView */ = {
			isa = PBXGroup;
			children = (
				0E81F2D01B6116C20071F20F /* SubTitleView.h */,
				0E81F2D11B6116C20071F20F /* SubTitleView.m */,
				0E81F2D21B6116C20071F20F /* SubTitleView.xib */,
			);
			path = SubTitleView;
			sourceTree = "<group>";
		};
		0E81F2D51B6118B30071F20F /* TextsView */ = {
			isa = PBXGroup;
			children = (
				0E81F2D61B6118B30071F20F /* TextsView.h */,
				0E81F2D71B6118B30071F20F /* TextsView.m */,
				0E81F2D81B6118B30071F20F /* TextsView.xib */,
			);
			path = TextsView;
			sourceTree = "<group>";
		};
		0E81F2E71B611BA40071F20F /* MultipleInputLinesView */ = {
			isa = PBXGroup;
			children = (
				0E81F2E81B611BA40071F20F /* MultipleInputLinesView.h */,
				0E81F2E91B611BA40071F20F /* MultipleInputLinesView.m */,
				0E81F2EA1B611BA40071F20F /* MultipleInputLinesView.xib */,
			);
			path = MultipleInputLinesView;
			sourceTree = "<group>";
		};
		0E81F2ED1B611CBF0071F20F /* MultipleAnsChoiceView */ = {
			isa = PBXGroup;
			children = (
				0E81F2EE1B611CBF0071F20F /* MultipleAnsChoiceView.h */,
				0E6156471B663BB10013292B /* MultipleAnsChoiceView.m */,
				0E81F2F01B611CBF0071F20F /* MultipleAnsChoiceView.xib */,
				0E9CB7931B62157100A724E4 /* checkbox1@2x.png */,
				FF91269D1B6155DF00BE5101 /* checkbox0@2x.png */,
			);
			path = MultipleAnsChoiceView;
			sourceTree = "<group>";
		};
		0E81F2F31B611FBC0071F20F /* MultipleSingleImportRulesView */ = {
			isa = PBXGroup;
			children = (
				0E81F2F41B611FBC0071F20F /* MultipleSingleImportRulesView.h */,
				0E81F2F51B611FBC0071F20F /* MultipleSingleImportRulesView.m */,
				0E81F2F61B611FBC0071F20F /* MultipleSingleImportRulesView.xib */,
			);
			path = MultipleSingleImportRulesView;
			sourceTree = "<group>";
		};
		0E9891971B6F819C00D894C4 /* NYSliderPopover */ = {
			isa = PBXGroup;
			children = (
				0E9891981B6F819C00D894C4 /* NYPopover.h */,
				0E9891991B6F819C00D894C4 /* NYPopover.m */,
				0E98919A1B6F819C00D894C4 /* NYSliderPopover.h */,
				0E98919B1B6F819C00D894C4 /* NYSliderPopover.m */,
			);
			path = NYSliderPopover;
			sourceTree = "<group>";
		};
		0E9CB7951B62558700A724E4 /* EndRestartView */ = {
			isa = PBXGroup;
			children = (
				0E9CB7961B62558700A724E4 /* EndRestartView.h */,
				0E9CB7971B62558700A724E4 /* EndRestartView.m */,
				0E9CB7981B62558700A724E4 /* EndRestartView.xib */,
			);
			path = EndRestartView;
			sourceTree = "<group>";
		};
		0E9CB79B1B62605500A724E4 /* MCPercentageDoughnutView */ = {
			isa = PBXGroup;
			children = (
				0E9CB79F1B6261C800A724E4 /* MCCore.h */,
				0E9CB7A01B6261C800A724E4 /* MCNewCustomLayer.h */,
				0E9CB7A11B6261C800A724E4 /* MCNewCustomLayer.m */,
				0E9CB7A21B6261C800A724E4 /* MCNewCustomLayeredView.h */,
				0E9CB7A31B6261C800A724E4 /* MCNewCustomLayeredView.m */,
				0E9CB7A41B6261C800A724E4 /* MCNewCustomLayeredView+MCCustomLayeredViewSubclass.h */,
				0E9CB7A51B6261C800A724E4 /* MCSliceLayer.h */,
				0E9CB7A61B6261C800A724E4 /* MCSliceLayer.m */,
				0E9CB7A71B6261C800A724E4 /* MCUtil.h */,
				0E9CB7A81B6261C800A724E4 /* MCUtil.m */,
				0E9CB79C1B62605500A724E4 /* MCPercentageDoughnutView.h */,
				0E9CB79D1B62605500A724E4 /* MCPercentageDoughnutView.m */,
			);
			path = MCPercentageDoughnutView;
			sourceTree = "<group>";
		};
		0EE9202E1B6A264100E4ECE9 /* AsyncImageView */ = {
			isa = PBXGroup;
			children = (
				0EE9202F1B6A264100E4ECE9 /* AsyncImageView.h */,
				0EE920301B6A264100E4ECE9 /* AsyncImageView.m */,
			);
			path = AsyncImageView;
			sourceTree = "<group>";
		};
		FF91266B1B61539F00BE5101 /* SDWebImage */ = {
			isa = PBXGroup;
			children = (
				FF91266C1B61539F00BE5101 /* MKAnnotationView+WebCache.h */,
				FF91266D1B61539F00BE5101 /* MKAnnotationView+WebCache.m */,
				FF91266E1B61539F00BE5101 /* NSData+ImageContentType.h */,
				FF91266F1B61539F00BE5101 /* NSData+ImageContentType.m */,
				FF9126701B61539F00BE5101 /* SDImageCache.h */,
				FF9126711B61539F00BE5101 /* SDImageCache.m */,
				FF9126721B61539F00BE5101 /* SDWebImageCompat.h */,
				FF9126731B61539F00BE5101 /* SDWebImageCompat.m */,
				FF9126741B61539F00BE5101 /* SDWebImageDecoder.h */,
				FF9126751B61539F00BE5101 /* SDWebImageDecoder.m */,
				FF9126761B61539F00BE5101 /* SDWebImageDownloader.h */,
				FF9126771B61539F00BE5101 /* SDWebImageDownloader.m */,
				FF9126781B61539F00BE5101 /* SDWebImageDownloaderOperation.h */,
				FF9126791B61539F00BE5101 /* SDWebImageDownloaderOperation.m */,
				FF91267A1B61539F00BE5101 /* SDWebImageManager.h */,
				FF91267B1B61539F00BE5101 /* SDWebImageManager.m */,
				FF91267C1B61539F00BE5101 /* SDWebImageOperation.h */,
				FF91267D1B61539F00BE5101 /* SDWebImagePrefetcher.h */,
				FF91267E1B61539F00BE5101 /* SDWebImagePrefetcher.m */,
				FF91267F1B61539F00BE5101 /* UIButton+WebCache.h */,
				FF9126801B61539F00BE5101 /* UIButton+WebCache.m */,
				FF9126811B61539F00BE5101 /* UIImage+GIF.h */,
				FF9126821B61539F00BE5101 /* UIImage+GIF.m */,
				FF9126831B61539F00BE5101 /* UIImage+MultiFormat.h */,
				FF9126841B61539F00BE5101 /* UIImage+MultiFormat.m */,
				FF9126851B61539F00BE5101 /* UIImage+WebP.h */,
				FF9126861B61539F00BE5101 /* UIImage+WebP.m */,
				FF9126871B61539F00BE5101 /* UIImageView+HighlightedWebCache.h */,
				FF9126881B61539F00BE5101 /* UIImageView+HighlightedWebCache.m */,
				FF9126891B61539F00BE5101 /* UIImageView+WebCache.h */,
				FF91268A1B61539F00BE5101 /* UIImageView+WebCache.m */,
				FF91268B1B61539F00BE5101 /* UIView+WebCacheOperation.h */,
				FF91268C1B61539F00BE5101 /* UIView+WebCacheOperation.m */,
			);
			path = SDWebImage;
			sourceTree = "<group>";
		};
/* End PBXGroup section */

/* Begin PBXNativeTarget section */
		0E638C551B4C03B900A9D484 /* SayIT */ = {
			isa = PBXNativeTarget;
			buildConfigurationList = 0E638C791B4C03BA00A9D484 /* Build configuration list for PBXNativeTarget "SayIT" */;
			buildPhases = (
				0E638C521B4C03B900A9D484 /* Sources */,
				0E638C531B4C03B900A9D484 /* Frameworks */,
				0E638C541B4C03B900A9D484 /* Resources */,
			);
			buildRules = (
			);
			dependencies = (
			);
			name = SayIT;
			productName = SayIT;
			productReference = 0E638C561B4C03B900A9D484 /* SayIT.app */;
			productType = "com.apple.product-type.application";
		};
/* End PBXNativeTarget section */

/* Begin PBXProject section */
		0E638C4E1B4C03B900A9D484 /* Project object */ = {
			isa = PBXProject;
			attributes = {
				LastUpgradeCheck = 0600;
				ORGANIZATIONNAME = DevRepublic;
				TargetAttributes = {
					0E638C551B4C03B900A9D484 = {
						CreatedOnToolsVersion = 6.0;
						DevelopmentTeam = XH2C9Z8E3C;
					};
				};
			};
			buildConfigurationList = 0E638C511B4C03B900A9D484 /* Build configuration list for PBXProject "SayIT" */;
			compatibilityVersion = "Xcode 3.2";
			developmentRegion = English;
			hasScannedForEncodings = 0;
			knownRegions = (
				en,
				Base,
			);
			mainGroup = 0E638C4D1B4C03B900A9D484;
			productRefGroup = 0E638C571B4C03B900A9D484 /* Products */;
			projectDirPath = "";
			projectRoot = "";
			targets = (
				0E638C551B4C03B900A9D484 /* SayIT */,
			);
		};
/* End PBXProject section */

/* Begin PBXResourcesBuildPhase section */
		0E638C541B4C03B900A9D484 /* Resources */ = {
			isa = PBXResourcesBuildPhase;
			buildActionMask = 2147483647;
			files = (
				0E9CB79A1B62558700A724E4 /* EndRestartView.xib in Resources */,
				0E4AA62F1B5F9D0100447E33 /* nextArrow.png in Resources */,
				0E4AA62E1B5F9D0100447E33 /* backArrow.png in Resources */,
				0E9CB7921B620C1400A724E4 /* radio1.png in Resources */,
				0E9CB7941B62157100A724E4 /* checkbox1@2x.png in Resources */,
				0E81F2C21B60FE490071F20F /* SingleInputLineView.xib in Resources */,
				0E81F2CE1B610D040071F20F /* RespondentFormView.xib in Resources */,
				0E638C651B4C03B900A9D484 /* Main.storyboard in Resources */,
				0E81F2DA1B6118B30071F20F /* TextsView.xib in Resources */,
				0E81E3801B5E200B00F0C80F /* splash_say-it.png in Resources */,
				0E81F2F81B611FBC0071F20F /* MultipleSingleImportRulesView.xib in Resources */,
				0E81F2F21B611CBF0071F20F /* MultipleAnsChoiceView.xib in Resources */,
				0E81F2D41B6116C20071F20F /* SubTitleView.xib in Resources */,
				FF91269F1B6155DF00BE5101 /* checkbox0@2x.png in Resources */,
				0E9CB7911B620C1400A724E4 /* radio0.png in Resources */,
				0E81F2C81B61086A0071F20F /* SliderView.xib in Resources */,
				0E81F2EC1B611BA40071F20F /* MultipleInputLinesView.xib in Resources */,
				0E638C6A1B4C03BA00A9D484 /* LaunchScreen.xib in Resources */,
				0E9CBBD61B6B537100896402 /* OpenSans-Light.ttf in Resources */,
				0E638C671B4C03BA00A9D484 /* Images.xcassets in Resources */,
			);
			runOnlyForDeploymentPostprocessing = 0;
		};
/* End PBXResourcesBuildPhase section */

/* Begin PBXSourcesBuildPhase section */
		0E638C521B4C03B900A9D484 /* Sources */ = {
			isa = PBXSourcesBuildPhase;
			buildActionMask = 2147483647;
			files = (
				FF9126971B61539F00BE5101 /* UIImage+GIF.m in Sources */,
				0E81F2CD1B610D040071F20F /* RespondentFormView.m in Sources */,
				0E4AA6231B5F5CA900447E33 /* HomeViewController.m in Sources */,
				0E81F2EB1B611BA40071F20F /* MultipleInputLinesView.m in Sources */,
				0E9CBBD91B6B569E00896402 /* FBLabel.m in Sources */,
				0E98919C1B6F819C00D894C4 /* NYPopover.m in Sources */,
				0E9CB7AB1B6261C800A724E4 /* MCSliceLayer.m in Sources */,
				0E81F2C71B61086A0071F20F /* SliderView.m in Sources */,
				FF9126991B61539F00BE5101 /* UIImage+WebP.m in Sources */,
				0E9CB7A91B6261C800A724E4 /* MCNewCustomLayer.m in Sources */,
				FF91268E1B61539F00BE5101 /* NSData+ImageContentType.m in Sources */,
				0E81F2D91B6118B30071F20F /* TextsView.m in Sources */,
				0E81F2C11B60FE490071F20F /* SingleInputLineView.m in Sources */,
				FF9126911B61539F00BE5101 /* SDWebImageDecoder.m in Sources */,
				FF9126961B61539F00BE5101 /* UIButton+WebCache.m in Sources */,
				FF9126941B61539F00BE5101 /* SDWebImageManager.m in Sources */,
				0E81F2D31B6116C20071F20F /* SubTitleView.m in Sources */,
				0E98919D1B6F819C00D894C4 /* NYSliderPopover.m in Sources */,
				0E9CB7991B62558700A724E4 /* EndRestartView.m in Sources */,
				0E6156481B663BB10013292B /* MultipleAnsChoiceView.m in Sources */,
				FF91269B1B61539F00BE5101 /* UIImageView+WebCache.m in Sources */,
				0E81F2F71B611FBC0071F20F /* MultipleSingleImportRulesView.m in Sources */,
				0E638C5F1B4C03B900A9D484 /* AppDelegate.m in Sources */,
				0E4AA6221B5F5CA900447E33 /* QuestionsViewController.m in Sources */,
				0E81E3891B5E24FE00F0C80F /* WebService.m in Sources */,
				0EE920311B6A264100E4ECE9 /* AsyncImageView.m in Sources */,
				0E9CB79E1B62605500A724E4 /* MCPercentageDoughnutView.m in Sources */,
				FF91269A1B61539F00BE5101 /* UIImageView+HighlightedWebCache.m in Sources */,
				FF9126921B61539F00BE5101 /* SDWebImageDownloader.m in Sources */,
				FF9126951B61539F00BE5101 /* SDWebImagePrefetcher.m in Sources */,
				0E9CB7AA1B6261C800A724E4 /* MCNewCustomLayeredView.m in Sources */,
				0E81E3881B5E24FE00F0C80F /* Reachability.m in Sources */,
				FF91268F1B61539F00BE5101 /* SDImageCache.m in Sources */,
				FF9126931B61539F00BE5101 /* SDWebImageDownloaderOperation.m in Sources */,
				0E638C5C1B4C03B900A9D484 /* main.m in Sources */,
				FF91268D1B61539F00BE5101 /* MKAnnotationView+WebCache.m in Sources */,
				FF9126981B61539F00BE5101 /* UIImage+MultiFormat.m in Sources */,
				FF91269C1B61539F00BE5101 /* UIView+WebCacheOperation.m in Sources */,
				FF9126901B61539F00BE5101 /* SDWebImageCompat.m in Sources */,
				0E4AA62B1B5F614B00447E33 /* MBProgressHUD.m in Sources */,
				0E4AA6331B5FA82300447E33 /* Data.m in Sources */,
				0E9CB7AC1B6261C800A724E4 /* MCUtil.m in Sources */,
			);
			runOnlyForDeploymentPostprocessing = 0;
		};
/* End PBXSourcesBuildPhase section */

/* Begin PBXVariantGroup section */
		0E638C631B4C03B900A9D484 /* Main.storyboard */ = {
			isa = PBXVariantGroup;
			children = (
				0E638C641B4C03B900A9D484 /* Base */,
			);
			name = Main.storyboard;
			sourceTree = "<group>";
		};
		0E638C681B4C03BA00A9D484 /* LaunchScreen.xib */ = {
			isa = PBXVariantGroup;
			children = (
				0E638C691B4C03BA00A9D484 /* Base */,
			);
			name = LaunchScreen.xib;
			sourceTree = "<group>";
		};
/* End PBXVariantGroup section */

/* Begin XCBuildConfiguration section */
		0E638C771B4C03BA00A9D484 /* Debug */ = {
			isa = XCBuildConfiguration;
			buildSettings = {
				ALWAYS_SEARCH_USER_PATHS = NO;
				CLANG_CXX_LANGUAGE_STANDARD = "gnu++0x";
				CLANG_CXX_LIBRARY = "libc++";
				CLANG_ENABLE_MODULES = YES;
				CLANG_ENABLE_OBJC_ARC = YES;
				CLANG_WARN_BOOL_CONVERSION = YES;
				CLANG_WARN_CONSTANT_CONVERSION = YES;
				CLANG_WARN_DIRECT_OBJC_ISA_USAGE = YES_ERROR;
				CLANG_WARN_EMPTY_BODY = YES;
				CLANG_WARN_ENUM_CONVERSION = YES;
				CLANG_WARN_INT_CONVERSION = YES;
				CLANG_WARN_OBJC_ROOT_CLASS = YES_ERROR;
				CLANG_WARN_UNREACHABLE_CODE = YES;
				CLANG_WARN__DUPLICATE_METHOD_MATCH = YES;
				CODE_SIGN_IDENTITY = "iPhone Developer: John Wassing (MA6Z234S3Z)";
				"CODE_SIGN_IDENTITY[sdk=iphoneos*]" = "iPhone Developer: John Wassing (MA6Z234S3Z)";
				COPY_PHASE_STRIP = NO;
				ENABLE_STRICT_OBJC_MSGSEND = YES;
				GCC_C_LANGUAGE_STANDARD = gnu99;
				GCC_DYNAMIC_NO_PIC = NO;
				GCC_OPTIMIZATION_LEVEL = 0;
				GCC_PRECOMPILE_PREFIX_HEADER = YES;
				GCC_PREPROCESSOR_DEFINITIONS = (
					"DEBUG=1",
					"$(inherited)",
				);
				GCC_SYMBOLS_PRIVATE_EXTERN = NO;
				GCC_WARN_64_TO_32_BIT_CONVERSION = YES;
				GCC_WARN_ABOUT_RETURN_TYPE = YES_ERROR;
				GCC_WARN_UNDECLARED_SELECTOR = YES;
				GCC_WARN_UNINITIALIZED_AUTOS = YES_AGGRESSIVE;
				GCC_WARN_UNUSED_FUNCTION = YES;
				GCC_WARN_UNUSED_VARIABLE = YES;
				IPHONEOS_DEPLOYMENT_TARGET = 7.0;
				MTL_ENABLE_DEBUG_INFO = YES;
				ONLY_ACTIVE_ARCH = YES;
				PROVISIONING_PROFILE = "f49554d8-d132-444c-9934-71bc9d4a8c80";
				SDKROOT = iphoneos;
				TARGETED_DEVICE_FAMILY = "1,2";
			};
			name = Debug;
		};
		0E638C781B4C03BA00A9D484 /* Release */ = {
			isa = XCBuildConfiguration;
			buildSettings = {
				ALWAYS_SEARCH_USER_PATHS = NO;
				CLANG_CXX_LANGUAGE_STANDARD = "gnu++0x";
				CLANG_CXX_LIBRARY = "libc++";
				CLANG_ENABLE_MODULES = YES;
				CLANG_ENABLE_OBJC_ARC = YES;
				CLANG_WARN_BOOL_CONVERSION = YES;
				CLANG_WARN_CONSTANT_CONVERSION = YES;
				CLANG_WARN_DIRECT_OBJC_ISA_USAGE = YES_ERROR;
				CLANG_WARN_EMPTY_BODY = YES;
				CLANG_WARN_ENUM_CONVERSION = YES;
				CLANG_WARN_INT_CONVERSION = YES;
				CLANG_WARN_OBJC_ROOT_CLASS = YES_ERROR;
				CLANG_WARN_UNREACHABLE_CODE = YES;
				CLANG_WARN__DUPLICATE_METHOD_MATCH = YES;
				CODE_SIGN_IDENTITY = "iPhone Developer: John Wassing (MA6Z234S3Z)";
				"CODE_SIGN_IDENTITY[sdk=iphoneos*]" = "iPhone Developer: John Wassing (MA6Z234S3Z)";
				COPY_PHASE_STRIP = YES;
				ENABLE_NS_ASSERTIONS = NO;
				ENABLE_STRICT_OBJC_MSGSEND = YES;
				GCC_C_LANGUAGE_STANDARD = gnu99;
				GCC_PRECOMPILE_PREFIX_HEADER = YES;
				GCC_WARN_64_TO_32_BIT_CONVERSION = YES;
				GCC_WARN_ABOUT_RETURN_TYPE = YES_ERROR;
				GCC_WARN_UNDECLARED_SELECTOR = YES;
				GCC_WARN_UNINITIALIZED_AUTOS = YES_AGGRESSIVE;
				GCC_WARN_UNUSED_FUNCTION = YES;
				GCC_WARN_UNUSED_VARIABLE = YES;
				IPHONEOS_DEPLOYMENT_TARGET = 7.0;
				MTL_ENABLE_DEBUG_INFO = NO;
				PROVISIONING_PROFILE = "f49554d8-d132-444c-9934-71bc9d4a8c80";
				SDKROOT = iphoneos;
				TARGETED_DEVICE_FAMILY = "1,2";
				VALIDATE_PRODUCT = YES;
			};
			name = Release;
		};
		0E638C7A1B4C03BA00A9D484 /* Debug */ = {
			isa = XCBuildConfiguration;
			buildSettings = {
				ASSETCATALOG_COMPILER_APPICON_NAME = AppIcon;
				ASSETCATALOG_COMPILER_LAUNCHIMAGE_NAME = LaunchImage;
				CODE_SIGN_IDENTITY = "iPhone Developer: John Wassing (MA6Z234S3Z)";
				GCC_PREFIX_HEADER = SayIT/PrefixHeader.pch;
				INFOPLIST_FILE = SayIT/Info.plist;
				IPHONEOS_DEPLOYMENT_TARGET = 7.0;
				LD_RUNPATH_SEARCH_PATHS = "$(inherited) @executable_path/Frameworks";
				PRODUCT_NAME = "$(TARGET_NAME)";
				PROVISIONING_PROFILE = "f49554d8-d132-444c-9934-71bc9d4a8c80";
				TARGETED_DEVICE_FAMILY = 2;
			};
			name = Debug;
		};
		0E638C7B1B4C03BA00A9D484 /* Release */ = {
			isa = XCBuildConfiguration;
			buildSettings = {
				ASSETCATALOG_COMPILER_APPICON_NAME = AppIcon;
				ASSETCATALOG_COMPILER_LAUNCHIMAGE_NAME = LaunchImage;
				CODE_SIGN_IDENTITY = "iPhone Developer: John Wassing (MA6Z234S3Z)";
				GCC_PREFIX_HEADER = SayIT/PrefixHeader.pch;
				INFOPLIST_FILE = SayIT/Info.plist;
				IPHONEOS_DEPLOYMENT_TARGET = 7.0;
				LD_RUNPATH_SEARCH_PATHS = "$(inherited) @executable_path/Frameworks";
				PRODUCT_NAME = "$(TARGET_NAME)";
				PROVISIONING_PROFILE = "f49554d8-d132-444c-9934-71bc9d4a8c80";
				TARGETED_DEVICE_FAMILY = 2;
			};
			name = Release;
		};
/* End XCBuildConfiguration section */

/* Begin XCConfigurationList section */
		0E638C511B4C03B900A9D484 /* Build configuration list for PBXProject "SayIT" */ = {
			isa = XCConfigurationList;
			buildConfigurations = (
				0E638C771B4C03BA00A9D484 /* Debug */,
				0E638C781B4C03BA00A9D484 /* Release */,
			);
			defaultConfigurationIsVisible = 0;
			defaultConfigurationName = Release;
		};
		0E638C791B4C03BA00A9D484 /* Build configuration list for PBXNativeTarget "SayIT" */ = {
			isa = XCConfigurationList;
			buildConfigurations = (
				0E638C7A1B4C03BA00A9D484 /* Debug */,
				0E638C7B1B4C03BA00A9D484 /* Release */,
			);
			defaultConfigurationIsVisible = 0;
			defaultConfigurationName = Release;
		};
/* End XCConfigurationList section */
	};
	rootObject = 0E638C4E1B4C03B900A9D484 /* Project object */;
}
